
Microsoft Visual Studio Solution File, Format Version 12.00
# Visual Studio 15
VisualStudioVersion = 15.0.26124.0
MinimumVisualStudioVersion = 15.0.26124.0
Project("{FAE04EC0-301F-11D3-BF4B-00C04F79EFBC}") = "Framework", "Framework\Framework.csproj", "{EC891086-9E2E-4A2C-B803-C68C22CD5818}"
EndProject
Project("{FAE04EC0-301F-11D3-BF4B-00C04F79EFBC}") = "Royale", "Royale\Royale.csproj", "{B81E2795-77E2-4667-AB25-2095216AA728}"
EndProject
Project("{FAE04EC0-301F-11D3-BF4B-00C04F79EFBC}") = "Royale.Tests", "Royale.Tests\Royale.Tests.csproj", "{993B88CE-E672-488A-97DB-129EBD16CB0B}"
EndProject
Global
	GlobalSection(SolutionConfigurationPlatforms) = preSolution
		Debug|Any CPU = Debug|Any CPU
		Debug|x64 = Debug|x64
		Debug|x86 = Debug|x86
		Release|Any CPU = Release|Any CPU
		Release|x64 = Release|x64
		Release|x86 = Release|x86
	EndGlobalSection
	GlobalSection(SolutionProperties) = preSolution
		HideSolutionNode = FALSE
	EndGlobalSection
	GlobalSection(ProjectConfigurationPlatforms) = postSolution
		{EC891086-9E2E-4A2C-B803-C68C22CD5818}.Debug|Any CPU.ActiveCfg = Debug|Any CPU
		{EC891086-9E2E-4A2C-B803-C68C22CD5818}.Debug|Any CPU.Build.0 = Debug|Any CPU
		{EC891086-9E2E-4A2C-B803-C68C22CD5818}.Debug|x64.ActiveCfg = Debug|Any CPU
		{EC891086-9E2E-4A2C-B803-C68C22CD5818}.Debug|x64.Build.0 = Debug|Any CPU
		{EC891086-9E2E-4A2C-B803-C68C22CD5818}.Debug|x86.ActiveCfg = Debug|Any CPU
		{EC891086-9E2E-4A2C-B803-C68C22CD5818}.Debug|x86.Build.0 = Debug|Any CPU
		{EC891086-9E2E-4A2C-B803-C68C22CD5818}.Release|Any CPU.ActiveCfg = Release|Any CPU
		{EC891086-9E2E-4A2C-B803-C68C22CD5818}.Release|Any CPU.Build.0 = Release|Any CPU
		{EC891086-9E2E-4A2C-B803-C68C22CD5818}.Release|x64.ActiveCfg = Release|Any CPU
		{EC891086-9E2E-4A2C-B803-C68C22CD5818}.Release|x64.Build.0 = Release|Any CPU
		{EC891086-9E2E-4A2C-B803-C68C22CD5818}.Release|x86.ActiveCfg = Release|Any CPU
		{EC891086-9E2E-4A2C-B803-C68C22CD5818}.Release|x86.Build.0 = Release|Any CPU
		{B81E2795-77E2-4667-AB25-2095216AA728}.Debug|Any CPU.ActiveCfg = Debug|Any CPU
		{B81E2795-77E2-4667-AB25-2095216AA728}.Debug|Any CPU.Build.0 = Debug|Any CPU
		{B81E2795-77E2-4667-AB25-2095216AA728}.Debug|x64.ActiveCfg = Debug|Any CPU
		{B81E2795-77E2-4667-AB25-2095216AA728}.Debug|x64.Build.0 = Debug|Any CPU
		{B81E2795-77E2-4667-AB25-2095216AA728}.Debug|x86.ActiveCfg = Debug|Any CPU
		{B81E2795-77E2-4667-AB25-2095216AA728}.Debug|x86.Build.0 = Debug|Any CPU
		{B81E2795-77E2-4667-AB25-2095216AA728}.Release|Any CPU.ActiveCfg = Release|Any CPU
		{B81E2795-77E2-4667-AB25-2095216AA728}.Release|Any CPU.Build.0 = Release|Any CPU
		{B81E2795-77E2-4667-AB25-2095216AA728}.Release|x64.ActiveCfg = Release|Any CPU
		{B81E2795-77E2-4667-AB25-2095216AA728}.Release|x64.Build.0 = Release|Any CPU
		{B81E2795-77E2-4667-AB25-2095216AA728}.Release|x86.ActiveCfg = Release|Any CPU
		{B81E2795-77E2-4667-AB25-2095216AA728}.Release|x86.Build.0 = Release|Any CPU
		{993B88CE-E672-488A-97DB-129EBD16CB0B}.Debug|Any CPU.ActiveCfg = Debug|Any CPU
		{993B88CE-E672-488A-97DB-129EBD16CB0B}.Debug|Any CPU.Build.0 = Debug|Any CPU
		{993B88CE-E672-488A-97DB-129EBD16CB0B}.Debug|x64.ActiveCfg = Debug|Any CPU
		{993B88CE-E672-488A-97DB-129EBD16CB0B}.Debug|x64.Build.0 = Debug|Any CPU
		{993B88CE-E672-488A-97DB-129EBD16CB0B}.Debug|x86.ActiveCfg = Debug|Any CPU
		{993B88CE-E672-488A-97DB-129EBD16CB0B}.Debug|x86.Build.0 = Debug|Any CPU
		{993B88CE-E672-488A-97DB-129EBD16CB0B}.Release|Any CPU.ActiveCfg = Release|Any CPU
		{993B88CE-E672-488A-97DB-129EBD16CB0B}.Release|Any CPU.Build.0 = Release|Any CPU
		{993B88CE-E672-488A-97DB-129EBD16CB0B}.Release|x64.ActiveCfg = Release|Any CPU
		{993B88CE-E672-488A-97DB-129EBD16CB0B}.Release|x64.Build.0 = Release|Any CPU
		{993B88CE-E672-488A-97DB-129EBD16CB0B}.Release|x86.ActiveCfg = Release|Any CPU
		{993B88CE-E672-488A-97DB-129EBD16CB0B}.Release|x86.Build.0 = Release|Any CPU
	EndGlobalSection
EndGlobal
